<?xml version="1.0" encoding="utf-8"?>
<Project ToolsVersion="4.0" xmlns="http://schemas.microsoft.com/developer/msbuild/2003">
  <ItemGroup>
    <Filter Include="소스 파일">
      <UniqueIdentifier>{4FC737F1-C7A5-4376-A066-2A32D752A2FF}</UniqueIdentifier>
      <Extensions>cpp;c;cc;cxx;c++;cppm;ixx;def;odl;idl;hpj;bat;asm;asmx</Extensions>
    </Filter>
    <Filter Include="헤더 파일">
      <UniqueIdentifier>{93995380-89BD-4b04-88EB-625FBE52EBFB}</UniqueIdentifier>
      <Extensions>h;hh;hpp;hxx;h++;hm;inl;inc;ipp;xsd</Extensions>
    </Filter>
    <Filter Include="리소스 파일">
      <UniqueIdentifier>{67DA6AB6-F800-4c08-8B7A-83BB121AAD01}</UniqueIdentifier>
      <Extensions>rc;ico;cur;bmp;dlg;rc2;rct;bin;rgs;gif;jpg;jpeg;jpe;resx;tiff;tif;png;wav;mfcribbon-ms</Extensions>
    </Filter>
  </ItemGroup>
  <ItemGroup>
    <ClCompile Include="BaekJoon 1003번 피보나치 함수.cpp">
      <Filter>소스 파일</Filter>
    </ClCompile>
    <ClCompile Include="BaekJoon 19238번 스타트 택시.cpp">
      <Filter>소스 파일</Filter>
    </ClCompile>
    <ClCompile Include="BaekJoon 4889번 안정적인 문자열.cpp">
      <Filter>소스 파일</Filter>
    </ClCompile>
    <ClCompile Include="BaekJoon 15311번 약 팔기.cpp">
      <Filter>소스 파일</Filter>
    </ClCompile>
    <ClCompile Include="BaekJoon 6198번 옥상 정원 꾸미기.cpp">
      <Filter>소스 파일</Filter>
    </ClCompile>
    <ClCompile Include="BaekJoon 2133번 타일 채우기.cpp">
      <Filter>소스 파일</Filter>
    </ClCompile>
    <ClCompile Include="BaekJoon 1327번 소트 게임.cpp">
      <Filter>소스 파일</Filter>
    </ClCompile>
    <ClCompile Include="BaekJoon 1562번 계단 수.cpp">
      <Filter>소스 파일</Filter>
    </ClCompile>
    <ClCompile Include="BaekJoon 1194번 달이 차오른다 가자.cpp">
      <Filter>소스 파일</Filter>
    </ClCompile>
    <ClCompile Include="BaekJoon 2304번 창고 다각형.cpp">
      <Filter>소스 파일</Filter>
    </ClCompile>
    <ClCompile Include="BaekJoon 2493번 탑.cpp">
      <Filter>소스 파일</Filter>
    </ClCompile>
    <ClCompile Include="BaekJoon 2001번 보석 줍기.cpp">
      <Filter>소스 파일</Filter>
    </ClCompile>
    <ClCompile Include="BaekJoon 5923번 바이너리 스도쿠.cpp">
      <Filter>소스 파일</Filter>
    </ClCompile>
    <ClCompile Include="BaekJoon 14501번 퇴사.cpp">
      <Filter>소스 파일</Filter>
    </ClCompile>
    <ClCompile Include="BaekJoon 2302번 극장 좌석.cpp">
      <Filter>소스 파일</Filter>
    </ClCompile>
    <ClCompile Include="BaekJoon 1965번 상자 넣기.cpp">
      <Filter>소스 파일</Filter>
    </ClCompile>
    <ClCompile Include="BaekJoon 2011번 암호코드.cpp">
      <Filter>소스 파일</Filter>
    </ClCompile>
    <ClCompile Include="BaekJoon 2410번 2의 멱수의 합.cpp">
      <Filter>소스 파일</Filter>
    </ClCompile>
    <ClCompile Include="BaekJoon 2618번 경찰차.cpp">
      <Filter>소스 파일</Filter>
    </ClCompile>
    <ClCompile Include="BaekJoon 10531번 Golf Bot.cpp">
      <Filter>소스 파일</Filter>
    </ClCompile>
    <ClCompile Include="BaekJoon 2042번 구간 합 구하기.cpp">
      <Filter>소스 파일</Filter>
    </ClCompile>
    <ClCompile Include="BaekJoon 2623번 음악프로그램.cpp">
      <Filter>소스 파일</Filter>
    </ClCompile>
    <ClCompile Include="BaekJoon 1516번 게임개발.cpp">
      <Filter>소스 파일</Filter>
    </ClCompile>
    <ClCompile Include="BaekJoon 13727번 5차원 구사과 초콜릿.cpp">
      <Filter>소스 파일</Filter>
    </ClCompile>
    <ClCompile Include="BaekJoon 13727번 5차원 구사과 초콜릿 - 1.cpp">
      <Filter>소스 파일</Filter>
    </ClCompile>
    <ClCompile Include="BaekJoon 2848번 알고스팟어.cpp">
      <Filter>소스 파일</Filter>
    </ClCompile>
    <ClCompile Include="BaekJoon 4149번 큰 수 소인수분해.cpp">
      <Filter>소스 파일</Filter>
    </ClCompile>
    <ClCompile Include="BaekJoon 13926번 gcd(n,k) = 1.cpp">
      <Filter>소스 파일</Filter>
    </ClCompile>
    <ClCompile Include="BaekJoon 10854번 Divisions.cpp">
      <Filter>소스 파일</Filter>
    </ClCompile>
    <ClCompile Include="BaekJoon 5615번 아파트 임대.cpp">
      <Filter>소스 파일</Filter>
    </ClCompile>
    <ClCompile Include="BaekJoon 13705번 Ax+Bsin(x)=C.cpp">
      <Filter>소스 파일</Filter>
    </ClCompile>
    <ClCompile Include="BaekJoon 3015번 오아시스 재결합.cpp">
      <Filter>소스 파일</Filter>
    </ClCompile>
    <ClCompile Include="BaekJoon 3111번 검열.cpp">
      <Filter>소스 파일</Filter>
    </ClCompile>
    <ClCompile Include="BaekJoon 11437번 LCA.cpp">
      <Filter>소스 파일</Filter>
    </ClCompile>
    <ClCompile Include="BaekJoon 1761번 정점들의 거리.cpp">
      <Filter>소스 파일</Filter>
    </ClCompile>
    <ClCompile Include="BaekJoon 3176번 도로 네트워크.cpp">
      <Filter>소스 파일</Filter>
    </ClCompile>
    <ClCompile Include="BaekJoon 8012번 한동이는 영업사원!.cpp">
      <Filter>소스 파일</Filter>
    </ClCompile>
    <ClCompile Include="BaekJoon 15480번 LCA와 쿼리.cpp">
      <Filter>소스 파일</Filter>
    </ClCompile>
    <ClCompile Include="BaekJoon 17435번 함성함수와 쿼리.cpp">
      <Filter>소스 파일</Filter>
    </ClCompile>
    <ClCompile Include="BaekJoon 12844번 XOR.cpp">
      <Filter>소스 파일</Filter>
    </ClCompile>
    <ClCompile Include="BaekJoon 10999번 구간합 구하기2.cpp">
      <Filter>소스 파일</Filter>
    </ClCompile>
    <ClCompile Include="BaekJoon 16975번 수열과 쿼리 21.cpp">
      <Filter>소스 파일</Filter>
    </ClCompile>
    <ClCompile Include="BaekJoon 13925번 수열과 쿼리 13.cpp">
      <Filter>소스 파일</Filter>
    </ClCompile>
    <ClCompile Include="BaekJoon 9267번 A+B.cpp">
      <Filter>소스 파일</Filter>
    </ClCompile>
    <ClCompile Include="BaekJoon 16404번 주식회사 승범이네.cpp">
      <Filter>소스 파일</Filter>
    </ClCompile>
    <ClCompile Include="BaekJoon 20164번 홀수 홀릭 호석.cpp">
      <Filter>소스 파일</Filter>
    </ClCompile>
    <ClCompile Include="BaekJoon 3190번 뱀.cpp">
      <Filter>소스 파일</Filter>
    </ClCompile>
    <ClCompile Include="BaekJoon 14499번 주사위 굴리기.cpp">
      <Filter>소스 파일</Filter>
    </ClCompile>
    <ClCompile Include="BaekJoon 2268번 수들의 합.cpp">
      <Filter>소스 파일</Filter>
    </ClCompile>
    <ClCompile Include="BaekJoon 1275번 커피숍 2.cpp">
      <Filter>소스 파일</Filter>
    </ClCompile>
    <ClCompile Include="BaekJoon 12837번 가계부.cpp">
      <Filter>소스 파일</Filter>
    </ClCompile>
    <ClCompile Include="BaekJoon 1365번 꼬인 전깃줄.cpp">
      <Filter>소스 파일</Filter>
    </ClCompile>
    <ClCompile Include="BaekJoon 3745번 오름세.cpp">
      <Filter>소스 파일</Filter>
    </ClCompile>
    <ClCompile Include="BaekJoon 2457번 공주님의 정원.cpp">
      <Filter>소스 파일</Filter>
    </ClCompile>
    <ClCompile Include="BaekJoon 1744번 수 묶기.cpp">
      <Filter>소스 파일</Filter>
    </ClCompile>
    <ClCompile Include="BaekJoon 1339번 단어수학.cpp">
      <Filter>소스 파일</Filter>
    </ClCompile>
    <ClCompile Include="BaekJoon 16566번 카드 게임.cpp">
      <Filter>소스 파일</Filter>
    </ClCompile>
    <ClCompile Include="BaekJoon 3079번 입국 심사.cpp">
      <Filter>소스 파일</Filter>
    </ClCompile>
    <ClCompile Include="BaekJoon 6236번 용돈 관리.cpp">
      <Filter>소스 파일</Filter>
    </ClCompile>
    <ClCompile Include="BaekJoon 1253번 좋다.cpp">
      <Filter>소스 파일</Filter>
    </ClCompile>
    <ClCompile Include="BaekJoon 2102번 보석 줍기.cpp">
      <Filter>소스 파일</Filter>
    </ClCompile>
    <ClCompile Include="BaekJoon 10889번 Ancient symbol.cpp">
      <Filter>소스 파일</Filter>
    </ClCompile>
    <ClCompile Include="kpu 소수회문%28Palindrome%29.cpp">
      <Filter>소스 파일</Filter>
    </ClCompile>
    <ClCompile Include="kpu 당구 게임 리드(lead).cpp">
      <Filter>소스 파일</Filter>
    </ClCompile>
    <ClCompile Include="kpu 자율차 스케줄링.cpp">
      <Filter>소스 파일</Filter>
    </ClCompile>
    <ClCompile Include="kpu 학생임원 선거.cpp">
      <Filter>소스 파일</Filter>
    </ClCompile>
    <ClCompile Include="BaekJoon 11873번 최대 직사각형.cpp">
      <Filter>소스 파일</Filter>
    </ClCompile>
    <ClCompile Include="BaekJoon 17219번 비밀번호 찾기.cpp">
      <Filter>소스 파일</Filter>
    </ClCompile>
    <ClCompile Include="BaekJoon 2150번 Strongly Connected Component.cpp">
      <Filter>소스 파일</Filter>
    </ClCompile>
    <ClCompile Include="BaekJoon 1028번 다이아몬드 광산.cpp">
      <Filter>소스 파일</Filter>
    </ClCompile>
    <ClCompile Include="BaekJoon 1924번 2007년.cpp">
      <Filter>소스 파일</Filter>
    </ClCompile>
    <ClCompile Include="BaekJoon 9316번 Hello Judge.cpp">
      <Filter>소스 파일</Filter>
    </ClCompile>
    <ClCompile Include="BaekJoon 2150번 Strongly Connected Component - Kosaraju.cpp">
      <Filter>소스 파일</Filter>
    </ClCompile>
    <ClCompile Include="BaekJoon 4196번 도미노.cpp">
      <Filter>소스 파일</Filter>
    </ClCompile>
    <ClCompile Include="BaekJoon 2150번 Strongly Connected Component - Tarjan.cpp">
      <Filter>소스 파일</Filter>
    </ClCompile>
    <ClCompile Include="BaekJoon 11921번 0.1.cpp">
      <Filter>소스 파일</Filter>
    </ClCompile>
    <ClCompile Include="BaekJoon 1168번 요세푸스 문제 2.cpp">
      <Filter>소스 파일</Filter>
    </ClCompile>
    <ClCompile Include="2020 KAKAO BLIND RECRUITMENT 문자열 압축.cpp">
      <Filter>소스 파일</Filter>
    </ClCompile>
    <ClCompile Include="2020 KAKAO BLIND RECRUITMENT 괄호 변환.cpp">
      <Filter>소스 파일</Filter>
    </ClCompile>
    <ClCompile Include="2020 KAKAO BLIND RECRUITMENT 자물쇠와 열쇠.cpp">
      <Filter>소스 파일</Filter>
    </ClCompile>
    <ClCompile Include="2020 KAKAO BLIND RECRUITMENT 기둥과 보 설치.cpp">
      <Filter>소스 파일</Filter>
    </ClCompile>
    <ClCompile Include="BaekJoon 11571번 분수를 소수로.cpp">
      <Filter>소스 파일</Filter>
    </ClCompile>
    <ClCompile Include="2019 KAKAO BLIND RECRUITMENT 오픈 채팅방.cpp">
      <Filter>소스 파일</Filter>
    </ClCompile>
    <ClCompile Include="2019 KAKAO BLIND RECRUITMENT 실패율.cpp">
      <Filter>소스 파일</Filter>
    </ClCompile>
    <ClCompile Include="BaekJoon 14226번 이모티콘.cpp">
      <Filter>소스 파일</Filter>
    </ClCompile>
    <ClCompile Include="BaekJoon 17069번 파이프 옮기기 2.cpp">
      <Filter>소스 파일</Filter>
    </ClCompile>
    <ClCompile Include="BaekJoon 1695번 팰린드롬 만들기.cpp">
      <Filter>소스 파일</Filter>
    </ClCompile>
    <ClCompile Include="BaekJoon 2667번 단지번호붙이기 - 1.cpp">
      <Filter>소스 파일</Filter>
    </ClCompile>
    <ClCompile Include="BaekJoon 9942번 하노이의 네 탑.cpp">
      <Filter>소스 파일</Filter>
    </ClCompile>
    <ClCompile Include="BaekJoon 1749번 점수따먹기.cpp">
      <Filter>소스 파일</Filter>
    </ClCompile>
    <ClCompile Include="BaekJoon 14907번 프로젝트 스케줄링.cpp">
      <Filter>소스 파일</Filter>
    </ClCompile>
    <ClCompile Include="BaekJoon 10422번 괄호.cpp">
      <Filter>소스 파일</Filter>
    </ClCompile>
    <ClCompile Include="BaekJoon 16923번 다음 다양한 단어.cpp">
      <Filter>소스 파일</Filter>
    </ClCompile>
    <ClCompile Include="BaekJoon 16678번 모독.cpp">
      <Filter>소스 파일</Filter>
    </ClCompile>
    <ClCompile Include="BaekJoon 16932번 모양 만들기.cpp">
      <Filter>소스 파일</Filter>
    </ClCompile>
    <ClCompile Include="BaekJoon 15922번 아우으 우아으이야!!.cpp">
      <Filter>소스 파일</Filter>
    </ClCompile>
    <ClCompile Include="BaekJoon 11478번 서로 다른 부분 문자열의 개수.cpp">
      <Filter>소스 파일</Filter>
    </ClCompile>
    <ClCompile Include="BaekJoon 14425번 문자열 집합.cpp">
      <Filter>소스 파일</Filter>
    </ClCompile>
    <ClCompile Include="BaekJoon 2910번 빈도 정렬.cpp">
      <Filter>소스 파일</Filter>
    </ClCompile>
    <ClCompile Include="BaekJoon 2174번 로봇 시뮬레이션.cpp">
      <Filter>소스 파일</Filter>
    </ClCompile>
    <ClCompile Include="BaekJoon 1600번 말이 되고픈 원숭이.cpp">
      <Filter>소스 파일</Filter>
    </ClCompile>
    <ClCompile Include="BaekJoon 2251번 물통.cpp">
      <Filter>소스 파일</Filter>
    </ClCompile>
    <ClCompile Include="BaekJoon 17471 게리멘더링.cpp">
      <Filter>소스 파일</Filter>
    </ClCompile>
    <ClCompile Include="BaekJoon 1992번 쿼드트리.cpp">
      <Filter>소스 파일</Filter>
    </ClCompile>
    <ClCompile Include="BaekJoon 16198번 에너지 모으기.cpp">
      <Filter>소스 파일</Filter>
    </ClCompile>
    <ClCompile Include="BaekJoon 1030번 프랙탈 평면.cpp">
      <Filter>소스 파일</Filter>
    </ClCompile>
    <ClCompile Include="BaekJoon 11812번 K진 트리.cpp">
      <Filter>소스 파일</Filter>
    </ClCompile>
    <ClCompile Include="BaekJoon 1111번 IQ Test.cpp">
      <Filter>소스 파일</Filter>
    </ClCompile>
    <ClCompile Include="BaekJoon 20541번 앨범정리.cpp">
      <Filter>소스 파일</Filter>
    </ClCompile>
    <ClCompile Include="BaekJoon 1213번 팰린드롬 만들기.cpp">
      <Filter>소스 파일</Filter>
    </ClCompile>
    <ClCompile Include="BaekJoon 5502번 팰린드롬.cpp">
      <Filter>소스 파일</Filter>
    </ClCompile>
    <ClCompile Include="BaekJoon 1946번 신입 사원.cpp">
      <Filter>소스 파일</Filter>
    </ClCompile>
    <ClCompile Include="BaekJoon 5549번 행성 탐사.cpp">
      <Filter>소스 파일</Filter>
    </ClCompile>
    <ClCompile Include="BaekJoon 11812번 K진 트리 - 2.cpp">
      <Filter>소스 파일</Filter>
    </ClCompile>
    <ClCompile Include="Linear-sieve.cpp">
      <Filter>소스 파일</Filter>
    </ClCompile>
    <ClCompile Include="BaekJoon 16563번 어려운 소인수분해.cpp">
      <Filter>소스 파일</Filter>
    </ClCompile>
    <ClCompile Include="A Odd Divisor.cpp">
      <Filter>소스 파일</Filter>
    </ClCompile>
    <ClCompile Include="B New Year%27s Number.cpp">
      <Filter>소스 파일</Filter>
    </ClCompile>
    <ClCompile Include="C Ball in Berland.cpp">
      <Filter>소스 파일</Filter>
    </ClCompile>
    <ClCompile Include="D Cleaning the Phone.cpp">
      <Filter>소스 파일</Filter>
    </ClCompile>
    <ClCompile Include="D Cleaning the Phone - 2.cpp">
      <Filter>소스 파일</Filter>
    </ClCompile>
    <ClCompile Include="E Advertising Agency.cpp">
      <Filter>소스 파일</Filter>
    </ClCompile>
    <ClCompile Include="BaekJoon 2176번 합리적인 이동경로.cpp">
      <Filter>소스 파일</Filter>
    </ClCompile>
    <ClCompile Include="A Strange Partition.cpp">
      <Filter>소스 파일</Filter>
    </ClCompile>
    <ClCompile Include="B Strange List.cpp">
      <Filter>소스 파일</Filter>
    </ClCompile>
    <ClCompile Include="C Strange Birthday Party.cpp">
      <Filter>소스 파일</Filter>
    </ClCompile>
    <ClCompile Include="F Strange Housing.cpp">
      <Filter>소스 파일</Filter>
    </ClCompile>
    <ClCompile Include="BaekJoon 2176번 합리적인 이동경로 - 2.cpp">
      <Filter>소스 파일</Filter>
    </ClCompile>
    <ClCompile Include="BaekJoon 1289번 트리의 가중치.cpp">
      <Filter>소스 파일</Filter>
    </ClCompile>
    <ClCompile Include="응지 가르쳐주기!.c">
      <Filter>소스 파일</Filter>
    </ClCompile>
    <ClCompile Include="practice.cpp">
      <Filter>소스 파일</Filter>
    </ClCompile>
    <ClCompile Include="A Red-Blue Shuffle .cpp">
      <Filter>소스 파일</Filter>
    </ClCompile>
    <ClCompile Include="B Move and Turn.cpp">
      <Filter>소스 파일</Filter>
    </ClCompile>
    <ClCompile Include="C Row GCD.cpp">
      <Filter>소스 파일</Filter>
    </ClCompile>
    <ClCompile Include="BaekJoon 1706번 크로스워드.cpp">
      <Filter>소스 파일</Filter>
    </ClCompile>
    <ClCompile Include="BaekJoon 13022번 늑대와 올바른 단어.cpp">
      <Filter>소스 파일</Filter>
    </ClCompile>
    <ClCompile Include="BaekJoon 3300번 무어 기계.cpp">
      <Filter>소스 파일</Filter>
    </ClCompile>
    <ClCompile Include="BaekJoon 2176번 합리적인 이동경로 - 3.cpp">
      <Filter>소스 파일</Filter>
    </ClCompile>
    <ClCompile Include="BaekJoon 14725번 개미굴.cpp">
      <Filter>소스 파일</Filter>
    </ClCompile>
    <ClCompile Include="A.cpp">
      <Filter>소스 파일</Filter>
    </ClCompile>
    <ClCompile Include="B.cpp">
      <Filter>소스 파일</Filter>
    </ClCompile>
    <ClCompile Include="C.cpp">
      <Filter>소스 파일</Filter>
    </ClCompile>
    <ClCompile Include="D.cpp">
      <Filter>소스 파일</Filter>
    </ClCompile>
    <ClCompile Include="BaekJoon 17089번 세 친구.cpp">
      <Filter>소스 파일</Filter>
    </ClCompile>
    <ClCompile Include="BaekJoon 16936번 나3곱2.cpp">
      <Filter>소스 파일</Filter>
    </ClCompile>
    <ClCompile Include="BaekJoon 9342번 염색체.cpp">
      <Filter>소스 파일</Filter>
    </ClCompile>
    <ClCompile Include="BaekJoon 1543번 문서 검색.cpp">
      <Filter>소스 파일</Filter>
    </ClCompile>
    <ClCompile Include="BaekJoon 14405번 피카츄.cpp">
      <Filter>소스 파일</Filter>
    </ClCompile>
    <ClCompile Include="BaekJoon 3613번 Java vs C++.cpp">
      <Filter>소스 파일</Filter>
    </ClCompile>
    <ClCompile Include="BaekJoon 4659번 비밀번호 발음하기.cpp">
      <Filter>소스 파일</Filter>
    </ClCompile>
    <ClCompile Include="BaekJoon 10820번 문자열 분석.cpp">
      <Filter>소스 파일</Filter>
    </ClCompile>
    <ClCompile Include="programmers 신규 아이디 추천.cpp">
      <Filter>소스 파일</Filter>
    </ClCompile>
    <ClCompile Include="programmers 순위 검색.cpp">
      <Filter>소스 파일</Filter>
    </ClCompile>
    <ClCompile Include="programmers 합습 택시 요금.cpp">
      <Filter>소스 파일</Filter>
    </ClCompile>
    <ClCompile Include="programmers 광고 삽입.cpp">
      <Filter>소스 파일</Filter>
    </ClCompile>
    <ClCompile Include="BaekJoon 16971번 배열 B의 값.cpp">
      <Filter>소스 파일</Filter>
    </ClCompile>
    <ClCompile Include="BaekJoon 4902번 삼각형의 값.cpp">
      <Filter>소스 파일</Filter>
    </ClCompile>
    <ClCompile Include="BaekJoon 16637번 괄호 추가하기.cpp">
      <Filter>소스 파일</Filter>
    </ClCompile>
    <ClCompile Include="BaekJoon 8772번 Szyfr Cezara.cpp">
      <Filter>소스 파일</Filter>
    </ClCompile>
    <ClCompile Include="BaekJoon 1535번 안녕.cpp">
      <Filter>소스 파일</Filter>
    </ClCompile>
    <ClCompile Include="BaekJoon 4781번 사탕 가게.cpp">
      <Filter>소스 파일</Filter>
    </ClCompile>
    <ClCompile Include="BaekJoon 10597번 순열장난.cpp">
      <Filter>소스 파일</Filter>
    </ClCompile>
    <ClCompile Include="BaekJoon 1956번 운동.cpp">
      <Filter>소스 파일</Filter>
    </ClCompile>
    <ClCompile Include="BaekJoon 1507번 궁금한 민호.cpp">
      <Filter>소스 파일</Filter>
    </ClCompile>
    <ClCompile Include="BaekJoon 1463번 1로 만들기.cpp">
      <Filter>소스 파일</Filter>
    </ClCompile>
    <ClCompile Include="BaekJoon 1738번 골목길.cpp">
      <Filter>소스 파일</Filter>
    </ClCompile>
    <ClCompile Include="BaekJoon 5430번 AC.cpp">
      <Filter>소스 파일</Filter>
    </ClCompile>
    <ClCompile Include="BaekJoon 1738번 골목길 - 2.cpp">
      <Filter>소스 파일</Filter>
    </ClCompile>
    <ClCompile Include="BaekJoon 1966번 프린터 큐.cpp">
      <Filter>소스 파일</Filter>
    </ClCompile>
    <ClCompile Include="BaekJoon 10217번 KCM Travel.cpp">
      <Filter>소스 파일</Filter>
    </ClCompile>
    <ClCompile Include="BaekJoon 10217번 KCM Travel - 2.cpp">
      <Filter>소스 파일</Filter>
    </ClCompile>
    <ClCompile Include="BaekJoon 3273번 두수의 합.cpp">
      <Filter>소스 파일</Filter>
    </ClCompile>
    <ClCompile Include="BaekJoon 17609번 회문.cpp">
      <Filter>소스 파일</Filter>
    </ClCompile>
    <ClCompile Include="BaekJoon 17135번 캐슬 디펜스.cpp">
      <Filter>소스 파일</Filter>
    </ClCompile>
    <ClCompile Include="BaekJoon 17836번 공주님을 구해라!.cpp">
      <Filter>소스 파일</Filter>
    </ClCompile>
    <ClCompile Include="BaekJoon 1941번 소문난 칠공주.cpp">
      <Filter>소스 파일</Filter>
    </ClCompile>
    <ClCompile Include="BaekJoon 16988번 Baaaaaaaaaduk2 (Easy).cpp">
      <Filter>소스 파일</Filter>
    </ClCompile>
    <ClCompile Include="BaekJoon 1933번 스카이라인.cpp">
      <Filter>소스 파일</Filter>
    </ClCompile>
    <ClCompile Include="BaekJoon 1855번 암호.cpp">
      <Filter>소스 파일</Filter>
    </ClCompile>
    <ClCompile Include="BaekJoon 13182번 제비.cpp">
      <Filter>소스 파일</Filter>
    </ClCompile>
    <ClCompile Include="BaekJoon 2698번 인접한 비트의 개수.cpp">
      <Filter>소스 파일</Filter>
    </ClCompile>
    <ClCompile Include="BaekJoon 1563번 개근상.cpp">
      <Filter>소스 파일</Filter>
    </ClCompile>
    <ClCompile Include="BaekJoon 11062번 카드 게임.cpp">
      <Filter>소스 파일</Filter>
    </ClCompile>
    <ClCompile Include="BaekJoon 2629번 양팔저울.cpp">
      <Filter>소스 파일</Filter>
    </ClCompile>
    <ClCompile Include="BaekJoon 16988번 Baaaaaaaaaduk2 (Easy) - 예은.cpp">
      <Filter>소스 파일</Filter>
    </ClCompile>
    <ClCompile Include="BaekJoon 1933번 스카이라인 - 2.cpp">
      <Filter>소스 파일</Filter>
    </ClCompile>
    <ClCompile Include="BaekJoon 2698번 인접한 비트의 개수 - 2.cpp">
      <Filter>소스 파일</Filter>
    </ClCompile>
    <ClCompile Include="BaekJoon 1406번 에디터.cpp">
      <Filter>소스 파일</Filter>
    </ClCompile>
    <ClCompile Include="BaekJoon 1043번 거짓말.cpp">
      <Filter>소스 파일</Filter>
    </ClCompile>
    <ClCompile Include="BaekJoon 1043번 거짓말 - 2.cpp">
      <Filter>소스 파일</Filter>
    </ClCompile>
    <ClCompile Include="BaekJoon 16562번 친구비.cpp">
      <Filter>소스 파일</Filter>
    </ClCompile>
    <ClCompile Include="BaekJoon 11085번 군사 이동.cpp">
      <Filter>소스 파일</Filter>
    </ClCompile>
    <ClCompile Include="BaekJoon 17398번 통신망 분할.cpp">
      <Filter>소스 파일</Filter>
    </ClCompile>
    <ClCompile Include="BaekJoon 3780번 네트워크 연결.cpp">
      <Filter>소스 파일</Filter>
    </ClCompile>
    <ClCompile Include="BaekJoon 10888번 두 섬간의 이동.cpp">
      <Filter>소스 파일</Filter>
    </ClCompile>
    <ClCompile Include="BaekJoon 1817번 짐 챙기는 숌.cpp">
      <Filter>소스 파일</Filter>
    </ClCompile>
    <ClCompile Include="BaekJoon 2258번 정육점.cpp">
      <Filter>소스 파일</Filter>
    </ClCompile>
    <ClCompile Include="BaekJoon 2885번 초콜릿 식사.cpp">
      <Filter>소스 파일</Filter>
    </ClCompile>
    <ClCompile Include="BaekJoon 11000번 강의실 배정.cpp">
      <Filter>소스 파일</Filter>
    </ClCompile>
    <ClCompile Include="BaekJoon 2293번 동전 1.cpp">
      <Filter>소스 파일</Filter>
    </ClCompile>
    <ClCompile Include="BaekJoon 14908번 구두 수선공.cpp">
      <Filter>소스 파일</Filter>
    </ClCompile>
    <ClCompile Include="BaekJoon 16207번 직사각형.cpp">
      <Filter>소스 파일</Filter>
    </ClCompile>
    <ClCompile Include="BaekJoon 16724번 피리 부는 사나이.cpp">
      <Filter>소스 파일</Filter>
    </ClCompile>
    <ClCompile Include="BaekJoon 16724번 피리부는 사나이 - 2.cpp">
      <Filter>소스 파일</Filter>
    </ClCompile>
    <ClCompile Include="BaekJoon 14728번 벼락치기.cpp">
      <Filter>소스 파일</Filter>
    </ClCompile>
    <ClCompile Include="BaekJoon 16638번 괄호 추가하기 2.cpp">
      <Filter>소스 파일</Filter>
    </ClCompile>
    <ClCompile Include="BaekJoon 5052번 전화번호 목록.cpp">
      <Filter>소스 파일</Filter>
    </ClCompile>
    <ClCompile Include="BaekJoon 5670번 휴대폰 자판.cpp">
      <Filter>소스 파일</Filter>
    </ClCompile>
    <ClCompile Include="BaekJoon 5670번 휴대폰 자판 - 2.cpp">
      <Filter>소스 파일</Filter>
    </ClCompile>
    <ClCompile Include="BaekJoon 16401번 과자 나눠주기.cpp">
      <Filter>소스 파일</Filter>
    </ClCompile>
    <ClCompile Include="BaekJoon 7795번 먹을 것인가 먹힐 것인가.cpp">
      <Filter>소스 파일</Filter>
    </ClCompile>
    <ClCompile Include="BaekJoon 14889번 스타트와 링크.cpp">
      <Filter>소스 파일</Filter>
    </ClCompile>
    <ClCompile Include="BaekJoon 2776번 암기왕.cpp">
      <Filter>소스 파일</Filter>
    </ClCompile>
    <ClCompile Include="BaekJoon 2776번 암기왕 - 이분 탐색.cpp">
      <Filter>소스 파일</Filter>
    </ClCompile>
    <ClCompile Include="BaekJoon 1208번 부분수열의 합 2 - 현준님.cpp">
      <Filter>소스 파일</Filter>
    </ClCompile>
    <ClCompile Include="BaekJoon 1753번 최단경로.cpp">
      <Filter>소스 파일</Filter>
    </ClCompile>
    <ClCompile Include="BaekJoon 11657번 타임머신.cpp">
      <Filter>소스 파일</Filter>
    </ClCompile>
    <ClCompile Include="BaekJoon 2263번 트리의 순회.cpp">
      <Filter>소스 파일</Filter>
    </ClCompile>
    <ClCompile Include="소마 코테.cpp">
      <Filter>소스 파일</Filter>
    </ClCompile>
    <ClCompile Include="BaekJoon 5545번 최고의 피자.cpp">
      <Filter>소스 파일</Filter>
    </ClCompile>
    <ClCompile Include="BaekJoon 11060번 점프 점프.cpp">
      <Filter>소스 파일</Filter>
    </ClCompile>
    <ClCompile Include="BaekJoon 2942번 퍼거슨과 사과.cpp">
      <Filter>소스 파일</Filter>
    </ClCompile>
    <ClCompile Include="BaekJoon 14225번 부분수열의 합.cpp">
      <Filter>소스 파일</Filter>
    </ClCompile>
    <ClCompile Include="BaekJoon 16916번 부분 문자열.cpp">
      <Filter>소스 파일</Filter>
    </ClCompile>
    <ClCompile Include="BaekJoon 16172번 나는 친구가 적다(Large).cpp">
      <Filter>소스 파일</Filter>
    </ClCompile>
    <ClCompile Include="BaekJoon 1786번 찾기.cpp">
      <Filter>소스 파일</Filter>
    </ClCompile>
    <ClCompile Include="BaekJoon 2157번 여행.cpp">
      <Filter>소스 파일</Filter>
    </ClCompile>
    <ClCompile Include="BaekJoon 6591번 이항 쇼다운.cpp">
      <Filter>소스 파일</Filter>
    </ClCompile>
    <ClCompile Include="BaekJoon 2502번 떡 먹는 호랑이.cpp">
      <Filter>소스 파일</Filter>
    </ClCompile>
    <ClCompile Include="BaekJoon 10282번 해킹.cpp">
      <Filter>소스 파일</Filter>
    </ClCompile>
    <ClCompile Include="BaekJoon 10986번 나머지 합.cpp">
      <Filter>소스 파일</Filter>
    </ClCompile>
    <ClCompile Include="BaekJoon 1963번 소수 경로.cpp">
      <Filter>소스 파일</Filter>
    </ClCompile>
    <ClCompile Include="BaekJoon 2211번 네트워크 복수.cpp">
      <Filter>소스 파일</Filter>
    </ClCompile>
    <ClCompile Include="코포.cpp">
      <Filter>소스 파일</Filter>
    </ClCompile>
    <ClCompile Include="BaekJoon 1157번 단어 공부.cpp">
      <Filter>소스 파일</Filter>
    </ClCompile>
    <ClCompile Include="BaekJoon 2812번 크게 만들기.cpp">
      <Filter>소스 파일</Filter>
    </ClCompile>
    <ClCompile Include="BaekJoon 2212번 센서.cpp">
      <Filter>소스 파일</Filter>
    </ClCompile>
    <ClCompile Include="BaekJoon 15486번 퇴사 2.cpp">
      <Filter>소스 파일</Filter>
    </ClCompile>
    <ClCompile Include="BaekJoon 16987번 계란으로 계란치기 - 2.cpp">
      <Filter>소스 파일</Filter>
    </ClCompile>
    <ClCompile Include="BaekJoon 9660번 돌 게임 6.cpp">
      <Filter>소스 파일</Filter>
    </ClCompile>
    <ClCompile Include="BaekJoon 14863번 서울에서 경산까지.cpp">
      <Filter>소스 파일</Filter>
    </ClCompile>
    <ClCompile Include="BaekJoon 2437번 저울.cpp">
      <Filter>소스 파일</Filter>
    </ClCompile>
    <ClCompile Include="BaekJoon 17071번 숨바꼭질 5.cpp">
      <Filter>소스 파일</Filter>
    </ClCompile>
    <ClCompile Include="BaekJoon 20116번 상자의 균형.cpp">
      <Filter>소스 파일</Filter>
    </ClCompile>
    <ClCompile Include="BaekJoon 2559번 수열.cpp">
      <Filter>소스 파일</Filter>
    </ClCompile>
    <ClCompile Include="BaekJoon 11441번 합 구하기.cpp">
      <Filter>소스 파일</Filter>
    </ClCompile>
    <ClCompile Include="BaekJoon 17390번 이건 꼭 풀어야 해.cpp">
      <Filter>소스 파일</Filter>
    </ClCompile>
    <ClCompile Include="BaekJoon 11660번 구간 합 구하기 5.cpp">
      <Filter>소스 파일</Filter>
    </ClCompile>
    <ClCompile Include="BaekJoon 3020번 개똥벌레.cpp">
      <Filter>소스 파일</Filter>
    </ClCompile>
    <ClCompile Include="BaekJoon 20543번 폭탄 던지는 태영이.cpp">
      <Filter>소스 파일</Filter>
    </ClCompile>
    <ClCompile Include="BaekJoon 2929번 머신 코드.cpp">
      <Filter>소스 파일</Filter>
    </ClCompile>
    <ClCompile Include="BaekJoon 9322번 철벽 보안 알고리즘.cpp">
      <Filter>소스 파일</Filter>
    </ClCompile>
    <ClCompile Include="BaekJoon 12018번 Yonsei TOTO.cpp">
      <Filter>소스 파일</Filter>
    </ClCompile>
    <ClCompile Include="BaekJoon 3896번 소수 사이 수열.cpp">
      <Filter>소스 파일</Filter>
    </ClCompile>
    <ClCompile Include="BaekJoon 2660번 회장뽑기.cpp">
      <Filter>소스 파일</Filter>
    </ClCompile>
    <ClCompile Include="BaekJoon 5557번 1학년.cpp">
      <Filter>소스 파일</Filter>
    </ClCompile>
    <ClCompile Include="BaekJoon 6581번 HTML.cpp">
      <Filter>소스 파일</Filter>
    </ClCompile>
    <ClCompile Include="BaekJoon 6324번 URLs.cpp">
      <Filter>소스 파일</Filter>
    </ClCompile>
    <ClCompile Include="BaekJoon 2585번 경비행기.cpp">
      <Filter>소스 파일</Filter>
    </ClCompile>
    <ClCompile Include="BaekJoon 3584번 가장 가까운 공통 조상.cpp">
      <Filter>소스 파일</Filter>
    </ClCompile>
    <ClCompile Include="BaekJoon 16398번 행성 연결.cpp">
      <Filter>소스 파일</Filter>
    </ClCompile>
    <ClCompile Include="BaekJoon 14923번 미로 탈출.cpp">
      <Filter>소스 파일</Filter>
    </ClCompile>
    <ClCompile Include="2021 KAKAO BLIND RECRUITMENT 메뉴 리뉴얼.cpp">
      <Filter>소스 파일</Filter>
    </ClCompile>
    <ClCompile Include="BaekJoon 3908번 서로 다른 소수의 합.cpp">
      <Filter>소스 파일</Filter>
    </ClCompile>
    <ClCompile Include="BaekJoon 19535번 ㄷㄷㄷㅈ.cpp">
      <Filter>소스 파일</Filter>
    </ClCompile>
    <ClCompile Include="BaekJoon 8982번 수족관 1.cpp">
      <Filter>소스 파일</Filter>
    </ClCompile>
    <ClCompile Include="codeforces.cpp">
      <Filter>소스 파일</Filter>
    </ClCompile>
    <ClCompile Include="BaekJoon 2021번 최소 환승 경로.cpp">
      <Filter>소스 파일</Filter>
    </ClCompile>
    <ClCompile Include="BaekJoon 5214번 환승.cpp">
      <Filter>소스 파일</Filter>
    </ClCompile>
    <ClCompile Include="Startup Coding Festival - 1.cpp">
      <Filter>소스 파일</Filter>
    </ClCompile>
    <ClCompile Include="Startup Coding Festival - 2.cpp">
      <Filter>소스 파일</Filter>
    </ClCompile>
    <ClCompile Include="Startup Coding Festival - 3.cpp">
      <Filter>소스 파일</Filter>
    </ClCompile>
    <ClCompile Include="Startup Coding Festival - 4.cpp">
      <Filter>소스 파일</Filter>
    </ClCompile>
    <ClCompile Include="Startup Coding Festival - 5.cpp">
      <Filter>소스 파일</Filter>
    </ClCompile>
    <ClCompile Include="BaekJoon 11444번 피보나치 수 6.cpp">
      <Filter>소스 파일</Filter>
    </ClCompile>
    <ClCompile Include="BaekJoon 1030번 프렉탈 평명.cpp">
      <Filter>소스 파일</Filter>
    </ClCompile>
    <ClCompile Include="BaekJoon 12101번 1,2,3 더하기 2.cpp">
      <Filter>소스 파일</Filter>
    </ClCompile>
    <ClCompile Include="BaekJoon 9095번 1,2,3 더하기.cpp">
      <Filter>소스 파일</Filter>
    </ClCompile>
    <ClCompile Include="BaekJoon 15988번 1,2,3 더하기 3.cpp">
      <Filter>소스 파일</Filter>
    </ClCompile>
    <ClCompile Include="BaekJoon 15989번 1,2,3 더하기 4.cpp">
      <Filter>소스 파일</Filter>
    </ClCompile>
    <ClCompile Include="BaekJoon 15990번 1,2,3 더하기 5.cpp">
      <Filter>소스 파일</Filter>
    </ClCompile>
    <ClCompile Include="BaekJoon 1456번 거의 소수.cpp">
      <Filter>소스 파일</Filter>
    </ClCompile>
    <ClCompile Include="BaekJoon 9421번 소수상근수.cpp">
      <Filter>소스 파일</Filter>
    </ClCompile>
    <ClCompile Include="BaekJoon 1188번 음식 평론가.cpp">
      <Filter>소스 파일</Filter>
    </ClCompile>
    <ClCompile Include="BaekJoon 2281번 데스노트.cpp">
      <Filter>소스 파일</Filter>
    </ClCompile>
    <ClCompile Include="BaekJoon 2560번 짚신벌레.cpp">
      <Filter>소스 파일</Filter>
    </ClCompile>
    <ClCompile Include="BaekJoon 2725번 보이는 점의 개수.cpp">
      <Filter>소스 파일</Filter>
    </ClCompile>
    <ClCompile Include="BaekJoon 12015번 가장 긴 증가하는 부분 수열 2.cpp">
      <Filter>소스 파일</Filter>
    </ClCompile>
    <ClCompile Include="BaekJoon 1854번 K번째 최단경로 찾기.cpp">
      <Filter>소스 파일</Filter>
    </ClCompile>
    <ClCompile Include="BaekJoon 13168번 내일로 여행.cpp">
      <Filter>소스 파일</Filter>
    </ClCompile>
    <ClCompile Include="BaekJoon 1865번 웜홀.cpp">
      <Filter>소스 파일</Filter>
    </ClCompile>
    <ClCompile Include="BaekJoon 1261번 알고스팟.cpp">
      <Filter>소스 파일</Filter>
    </ClCompile>
    <ClCompile Include="BaekJoon 4963번 섬의 개수.cpp">
      <Filter>소스 파일</Filter>
    </ClCompile>
    <ClCompile Include="code.cpp">
      <Filter>소스 파일</Filter>
    </ClCompile>
    <ClCompile Include="BaekJoon 2250번 트리의 높이와 너비.cpp">
      <Filter>소스 파일</Filter>
    </ClCompile>
    <ClCompile Include="BaekJoon 6416번 트리인가.cpp">
      <Filter>소스 파일</Filter>
    </ClCompile>
    <ClCompile Include="BaekJoon 15681번 트리와 쿼리.cpp">
      <Filter>소스 파일</Filter>
    </ClCompile>
    <ClCompile Include="BaekJoon 20061번 도노미노도미노 2.cpp">
      <Filter>소스 파일</Filter>
    </ClCompile>
    <ClCompile Include="BaekJoon 2792번 보석 상자.cpp">
      <Filter>소스 파일</Filter>
    </ClCompile>
    <ClCompile Include="BaekJoon 14465번 소가 길을 건너간 이유 5.cpp">
      <Filter>소스 파일</Filter>
    </ClCompile>
    <ClCompile Include="BaekJoon 14468번 소가 길을 건너간 이유 2.cpp">
      <Filter>소스 파일</Filter>
    </ClCompile>
    <ClCompile Include="BaekJoon 2343번 기타 레슨.cpp">
      <Filter>소스 파일</Filter>
    </ClCompile>
    <ClCompile Include="BaekJoon 1197번 최소 스패닝 트리.cpp">
      <Filter>소스 파일</Filter>
    </ClCompile>
    <ClCompile Include="BaekJoon 1774번 우주신과의 교감.cpp">
      <Filter>소스 파일</Filter>
    </ClCompile>
    <ClCompile Include="카카오.cpp">
      <Filter>소스 파일</Filter>
    </ClCompile>
    <ClCompile Include="BaekJoon 21275번 폰 호석만.cpp">
      <Filter>소스 파일</Filter>
    </ClCompile>
    <ClCompile Include="BaekJoon 21278번 호석이 두 마리 치킨.cpp">
      <Filter>소스 파일</Filter>
    </ClCompile>
    <ClCompile Include="BaekJoon 21276번 계보 복원가 호석.cpp">
      <Filter>소스 파일</Filter>
    </ClCompile>
    <ClCompile Include="BaekJoon 21277번 짠돌이 호석.cpp">
      <Filter>소스 파일</Filter>
    </ClCompile>
    <ClCompile Include="BaekJoon 1719번 택배.cpp">
      <Filter>소스 파일</Filter>
    </ClCompile>
    <ClCompile Include="BaekJoon 1461번 도서관.cpp">
      <Filter>소스 파일</Filter>
    </ClCompile>
    <ClCompile Include="BaekJoon 15681번 트리와 쿼리 - 2.cpp">
      <Filter>소스 파일</Filter>
    </ClCompile>
    <ClCompile Include="BaekJoon 2533번 사회망 서비스(SNS).cpp">
      <Filter>소스 파일</Filter>
    </ClCompile>
    <ClCompile Include="BaekJoon 2058번 원자의 에너지.cpp">
      <Filter>소스 파일</Filter>
    </ClCompile>
    <ClCompile Include="BaekJoon 12978번 스크루지 민호 2.cpp">
      <Filter>소스 파일</Filter>
    </ClCompile>
    <ClCompile Include="BaekJoon 1949번 우수 마을.cpp">
      <Filter>소스 파일</Filter>
    </ClCompile>
    <ClCompile Include="BaekJoon 2213번 트리의 독립집합.cpp">
      <Filter>소스 파일</Filter>
    </ClCompile>
    <ClCompile Include="BaekJoon 1623번 신년 파티.cpp">
      <Filter>소스 파일</Filter>
    </ClCompile>
    <ClCompile Include="BaekJoon 2379번 트리 탐색하기.cpp">
      <Filter>소스 파일</Filter>
    </ClCompile>
    <ClCompile Include="BaekJoon 13314번 플로이드에 오타가.cpp">
      <Filter>소스 파일</Filter>
    </ClCompile>
    <ClCompile Include="BaekJoon 20164번 홀 수 홀릭 호석.cpp">
      <Filter>소스 파일</Filter>
    </ClCompile>
    <ClCompile Include="BaekJoon 21278번 호석이 두 마리 치킨 - 2.cpp">
      <Filter>소스 파일</Filter>
    </ClCompile>
    <ClCompile Include="BaekJoon 11404번 플로이드.cpp">
      <Filter>소스 파일</Filter>
    </ClCompile>
    <ClCompile Include="BaekJoon 11657번 타임머신 - 2.cpp">
      <Filter>소스 파일</Filter>
    </ClCompile>
    <ClCompile Include="BaekJoon 1865번 웜홀 - 2.cpp">
      <Filter>소스 파일</Filter>
    </ClCompile>
    <ClCompile Include="BaekJoon 11780번 플로이드 2.cpp">
      <Filter>소스 파일</Filter>
    </ClCompile>
    <ClCompile Include="BaekJoon 14938번 서강그라운드.cpp">
      <Filter>소스 파일</Filter>
    </ClCompile>
    <ClCompile Include="BaekJoon 20166번 문자열 지옥에 빠진 호석.cpp">
      <Filter>소스 파일</Filter>
    </ClCompile>
    <ClCompile Include="BaekJoon 18405번 경제적 전염.cpp">
      <Filter>소스 파일</Filter>
    </ClCompile>
    <ClCompile Include="BaekJoon 1153번 네 개의 소수.cpp">
      <Filter>소스 파일</Filter>
    </ClCompile>
    <ClCompile Include="BaekJoon 14698번 전생했더니 슬라임 연구자였던 건에 대하여 (Hard).cpp">
      <Filter>소스 파일</Filter>
    </ClCompile>
    <ClCompile Include="BaekJoon 20181번 꿈틀꿈틀 호석 애벌레 - 효율성.cpp">
      <Filter>소스 파일</Filter>
    </ClCompile>
    <ClCompile Include="BaekJoon 20181번 꿈틀꿈틀 호석 애벌레 - 효율성 - 2.cpp">
      <Filter>소스 파일</Filter>
    </ClCompile>
    <ClCompile Include="BaekJoon 1513번 경로 찾기.cpp">
      <Filter>소스 파일</Filter>
    </ClCompile>
    <ClCompile Include="BaekJoon 21276번 계보 복원가 호석 - 2.cpp">
      <Filter>소스 파일</Filter>
    </ClCompile>
    <ClCompile Include="BaekJoon 1005번 ACM Craft.cpp">
      <Filter>소스 파일</Filter>
    </ClCompile>
    <ClCompile Include="BaekJoon 1516번 게임 개발.cpp">
      <Filter>소스 파일</Filter>
    </ClCompile>
    <ClCompile Include="BaekJoon 2252번 줄 세우기.cpp">
      <Filter>소스 파일</Filter>
    </ClCompile>
    <ClCompile Include="BaekJoon 14907번 프로젝트 스케줄링 - 2.cpp">
      <Filter>소스 파일</Filter>
    </ClCompile>
    <ClCompile Include="BaekJoon 1948번 임계경로.cpp">
      <Filter>소스 파일</Filter>
    </ClCompile>
    <ClCompile Include="BaekJoon 2618번 경찰차 - 2.cpp">
      <Filter>소스 파일</Filter>
    </ClCompile>
    <ClCompile Include="BaekJoon 2447번 별 찍기 - 10 - 2.cpp">
      <Filter>소스 파일</Filter>
    </ClCompile>
    <ClCompile Include="BaekJoon 1725번 히스토그램.cpp">
      <Filter>소스 파일</Filter>
    </ClCompile>
    <ClCompile Include="BaekJoon 6549번 히스토그램에서 가장 큰 직사각형.cpp">
      <Filter>소스 파일</Filter>
    </ClCompile>
    <ClCompile Include="BaekJoon 1493번 박스 채우기.cpp">
      <Filter>소스 파일</Filter>
    </ClCompile>
    <ClCompile Include="BaekJoon 5639번 이진 검색 트리.cpp">
      <Filter>소스 파일</Filter>
    </ClCompile>
    <ClCompile Include="BaekJoon 14500번 테트로미노.cpp">
      <Filter>소스 파일</Filter>
    </ClCompile>
    <ClCompile Include="BaekJoon 1043번 거짓말 - 3.cpp">
      <Filter>소스 파일</Filter>
    </ClCompile>
    <ClCompile Include="BaekJoon 4386번 별자리 만들기.cpp">
      <Filter>소스 파일</Filter>
    </ClCompile>
    <ClCompile Include="BaekJoon 2042번 구간 합 구하기 - 2.cpp">
      <Filter>소스 파일</Filter>
    </ClCompile>
    <ClCompile Include="BaekJoon 2357번 최솟값과 최댓값.cpp">
      <Filter>소스 파일</Filter>
    </ClCompile>
    <ClCompile Include="BaekJoon 10868번 최솟값.cpp">
      <Filter>소스 파일</Filter>
    </ClCompile>
    <ClCompile Include="BaekJoon 21941번 문자열 제거.cpp">
      <Filter>소스 파일</Filter>
    </ClCompile>
    <ClCompile Include="BaekJoon 1944번 복제 로봇.cpp">
      <Filter>소스 파일</Filter>
    </ClCompile>
    <ClCompile Include="BaekJoon 5901번 Relocation.cpp">
      <Filter>소스 파일</Filter>
    </ClCompile>
    <ClCompile Include="BaekJoon 12945번 재미있는 박스 정리.cpp">
      <Filter>소스 파일</Filter>
    </ClCompile>
    <ClCompile Include="BaekJoon 1602번 도망자 원숭이.cpp">
      <Filter>소스 파일</Filter>
    </ClCompile>
    <ClCompile Include="BaekJoon 1321번 군인.cpp">
      <Filter>소스 파일</Filter>
    </ClCompile>
    <ClCompile Include="BaekJoon 14245번 XOR.cpp">
      <Filter>소스 파일</Filter>
    </ClCompile>
    <ClCompile Include="BaekJoon 14463번 소가 길을 건너간 이유 9.cpp">
      <Filter>소스 파일</Filter>
    </ClCompile>
    <ClCompile Include="BaekJoon 13537번 수열과 쿼리 1.cpp">
      <Filter>소스 파일</Filter>
    </ClCompile>
    <ClCompile Include="BaekJoon 2243번 사탕상자.cpp">
      <Filter>소스 파일</Filter>
    </ClCompile>
    <ClCompile Include="BaekJoon 7578번 공장.cpp">
      <Filter>소스 파일</Filter>
    </ClCompile>
    <ClCompile Include="BaekJoon 17409번 증가 수열의 개수.cpp">
      <Filter>소스 파일</Filter>
    </ClCompile>
    <ClCompile Include="BaekJoon 14391번 종이 조각.cpp">
      <Filter>소스 파일</Filter>
    </ClCompile>
    <ClCompile Include="BaekJoon 22857번 가장 긴 짝수 연속한 부분 수열 (small).cpp">
      <Filter>소스 파일</Filter>
    </ClCompile>
    <ClCompile Include="BaekJoon 15488번 나이트가 체스판을 벗어나지 않을 확률.cpp">
      <Filter>소스 파일</Filter>
    </ClCompile>
    <ClCompile Include="BaekJoon 1633번 최고의 팀 만들기.cpp">
      <Filter>소스 파일</Filter>
    </ClCompile>
    <ClCompile Include="BaekJoon 2705번 팰린드롬 파티션.cpp">
      <Filter>소스 파일</Filter>
    </ClCompile>
    <ClCompile Include="BaekJoon 20044번 Project Teams.cpp">
      <Filter>소스 파일</Filter>
    </ClCompile>
    <ClCompile Include="BaekJoon 1364번 울타리 치기.cpp">
      <Filter>소스 파일</Filter>
    </ClCompile>
    <ClCompile Include="월간 코드 챌린지 3회차.cpp">
      <Filter>소스 파일</Filter>
    </ClCompile>
    <ClCompile Include="BaekJoon 22289번 큰 수 곱셈(3).cpp">
      <Filter>소스 파일</Filter>
    </ClCompile>
    <ClCompile Include="BaekJoon 1006번 습격차 초라기.cpp">
      <Filter>소스 파일</Filter>
    </ClCompile>
  </ItemGroup>
</Project>