<?xml version="1.0" encoding="utf-8"?>
<Project ToolsVersion="4.0" xmlns="http://schemas.microsoft.com/developer/msbuild/2003">
  <ItemGroup>
    <Filter Include="소스 파일">
      <UniqueIdentifier>{4FC737F1-C7A5-4376-A066-2A32D752A2FF}</UniqueIdentifier>
      <Extensions>cpp;c;cc;cxx;c++;cppm;ixx;def;odl;idl;hpj;bat;asm;asmx</Extensions>
    </Filter>
    <Filter Include="헤더 파일">
      <UniqueIdentifier>{93995380-89BD-4b04-88EB-625FBE52EBFB}</UniqueIdentifier>
      <Extensions>h;hh;hpp;hxx;h++;hm;inl;inc;ipp;xsd</Extensions>
    </Filter>
    <Filter Include="리소스 파일">
      <UniqueIdentifier>{67DA6AB6-F800-4c08-8B7A-83BB121AAD01}</UniqueIdentifier>
      <Extensions>rc;ico;cur;bmp;dlg;rc2;rct;bin;rgs;gif;jpg;jpeg;jpe;resx;tiff;tif;png;wav;mfcribbon-ms</Extensions>
    </Filter>
  </ItemGroup>
  <ItemGroup>
    <ClCompile Include="BaekJoon 1003번 피보나치 함수.cpp">
      <Filter>소스 파일</Filter>
    </ClCompile>
    <ClCompile Include="BaekJoon 19238번 스타트 택시.cpp">
      <Filter>소스 파일</Filter>
    </ClCompile>
    <ClCompile Include="BaekJoon 4889번 안정적인 문자열.cpp">
      <Filter>소스 파일</Filter>
    </ClCompile>
    <ClCompile Include="BaekJoon 15311번 약 팔기.cpp">
      <Filter>소스 파일</Filter>
    </ClCompile>
    <ClCompile Include="BaekJoon 6198번 옥상 정원 꾸미기.cpp">
      <Filter>소스 파일</Filter>
    </ClCompile>
    <ClCompile Include="BaekJoon 2133번 타일 채우기.cpp">
      <Filter>소스 파일</Filter>
    </ClCompile>
    <ClCompile Include="BaekJoon 1327번 소트 게임.cpp">
      <Filter>소스 파일</Filter>
    </ClCompile>
    <ClCompile Include="BaekJoon 1562번 계단 수.cpp">
      <Filter>소스 파일</Filter>
    </ClCompile>
    <ClCompile Include="BaekJoon 1194번 달이 차오른다 가자.cpp">
      <Filter>소스 파일</Filter>
    </ClCompile>
    <ClCompile Include="BaekJoon 2304번 창고 다각형.cpp">
      <Filter>소스 파일</Filter>
    </ClCompile>
    <ClCompile Include="BaekJoon 2493번 탑.cpp">
      <Filter>소스 파일</Filter>
    </ClCompile>
    <ClCompile Include="BaekJoon 2001번 보석 줍기.cpp">
      <Filter>소스 파일</Filter>
    </ClCompile>
    <ClCompile Include="BaekJoon 5923번 바이너리 스도쿠.cpp">
      <Filter>소스 파일</Filter>
    </ClCompile>
    <ClCompile Include="BaekJoon 14501번 퇴사.cpp">
      <Filter>소스 파일</Filter>
    </ClCompile>
    <ClCompile Include="BaekJoon 2302번 극장 좌석.cpp">
      <Filter>소스 파일</Filter>
    </ClCompile>
    <ClCompile Include="BaekJoon 1965번 상자 넣기.cpp">
      <Filter>소스 파일</Filter>
    </ClCompile>
    <ClCompile Include="BaekJoon 2011번 암호코드.cpp">
      <Filter>소스 파일</Filter>
    </ClCompile>
    <ClCompile Include="BaekJoon 2410번 2의 멱수의 합.cpp">
      <Filter>소스 파일</Filter>
    </ClCompile>
    <ClCompile Include="BaekJoon 2618번 경찰차.cpp">
      <Filter>소스 파일</Filter>
    </ClCompile>
    <ClCompile Include="BaekJoon 10531번 Golf Bot.cpp">
      <Filter>소스 파일</Filter>
    </ClCompile>
    <ClCompile Include="BaekJoon 2042번 구간 합 구하기.cpp">
      <Filter>소스 파일</Filter>
    </ClCompile>
    <ClCompile Include="BaekJoon 2623번 음악프로그램.cpp">
      <Filter>소스 파일</Filter>
    </ClCompile>
    <ClCompile Include="BaekJoon 1516번 게임개발.cpp">
      <Filter>소스 파일</Filter>
    </ClCompile>
    <ClCompile Include="BaekJoon 13727번 5차원 구사과 초콜릿.cpp">
      <Filter>소스 파일</Filter>
    </ClCompile>
    <ClCompile Include="BaekJoon 13727번 5차원 구사과 초콜릿 - 1.cpp">
      <Filter>소스 파일</Filter>
    </ClCompile>
    <ClCompile Include="BaekJoon 2848번 알고스팟어.cpp">
      <Filter>소스 파일</Filter>
    </ClCompile>
    <ClCompile Include="BaekJoon 4149번 큰 수 소인수분해.cpp">
      <Filter>소스 파일</Filter>
    </ClCompile>
    <ClCompile Include="BaekJoon 13926번 gcd(n,k) = 1.cpp">
      <Filter>소스 파일</Filter>
    </ClCompile>
    <ClCompile Include="BaekJoon 10854번 Divisions.cpp">
      <Filter>소스 파일</Filter>
    </ClCompile>
    <ClCompile Include="BaekJoon 5615번 아파트 임대.cpp">
      <Filter>소스 파일</Filter>
    </ClCompile>
    <ClCompile Include="BaekJoon 13705번 Ax+Bsin(x)=C.cpp">
      <Filter>소스 파일</Filter>
    </ClCompile>
    <ClCompile Include="BaekJoon 3015번 오아시스 재결합.cpp">
      <Filter>소스 파일</Filter>
    </ClCompile>
    <ClCompile Include="BaekJoon 3111번 검열.cpp">
      <Filter>소스 파일</Filter>
    </ClCompile>
    <ClCompile Include="BaekJoon 11437번 LCA.cpp">
      <Filter>소스 파일</Filter>
    </ClCompile>
    <ClCompile Include="BaekJoon 1761번 정점들의 거리.cpp">
      <Filter>소스 파일</Filter>
    </ClCompile>
    <ClCompile Include="BaekJoon 3176번 도로 네트워크.cpp">
      <Filter>소스 파일</Filter>
    </ClCompile>
    <ClCompile Include="BaekJoon 8012번 한동이는 영업사원!.cpp">
      <Filter>소스 파일</Filter>
    </ClCompile>
    <ClCompile Include="BaekJoon 15480번 LCA와 쿼리.cpp">
      <Filter>소스 파일</Filter>
    </ClCompile>
    <ClCompile Include="BaekJoon 17435번 함성함수와 쿼리.cpp">
      <Filter>소스 파일</Filter>
    </ClCompile>
    <ClCompile Include="BaekJoon 12844번 XOR.cpp">
      <Filter>소스 파일</Filter>
    </ClCompile>
    <ClCompile Include="BaekJoon 10999번 구간합 구하기2.cpp">
      <Filter>소스 파일</Filter>
    </ClCompile>
    <ClCompile Include="practice.cpp">
      <Filter>소스 파일</Filter>
    </ClCompile>
    <ClCompile Include="BaekJoon 16975번 수열과 쿼리 21.cpp">
      <Filter>소스 파일</Filter>
    </ClCompile>
    <ClCompile Include="Baekjoon 13925번 수열과 쿼리 13.cpp">
      <Filter>소스 파일</Filter>
    </ClCompile>
    <ClCompile Include="BaekJoon 9267번 A+B.cpp">
      <Filter>소스 파일</Filter>
    </ClCompile>
    <ClCompile Include="BaekJoon 16404번 주식회사 승범이네.cpp">
      <Filter>소스 파일</Filter>
    </ClCompile>
    <ClCompile Include="BaekJoon 20164번 홀수 홀릭 호석.cpp">
      <Filter>소스 파일</Filter>
    </ClCompile>
    <ClCompile Include="BaekJoon 3190번 뱀.cpp">
      <Filter>소스 파일</Filter>
    </ClCompile>
    <ClCompile Include="BaekJoon 14499번 주사위 굴리기.cpp">
      <Filter>소스 파일</Filter>
    </ClCompile>
    <ClCompile Include="BaekJoon 2268번 수들의 합.cpp">
      <Filter>소스 파일</Filter>
    </ClCompile>
    <ClCompile Include="BaekJoon 1275번 커피숍 2.cpp">
      <Filter>소스 파일</Filter>
    </ClCompile>
    <ClCompile Include="BaekJoon 12837번 가계부.cpp">
      <Filter>소스 파일</Filter>
    </ClCompile>
    <ClCompile Include="BaekJoon 1365번 꼬인 전깃줄.cpp">
      <Filter>소스 파일</Filter>
    </ClCompile>
    <ClCompile Include="BaekJoon 3745번 오름세.cpp">
      <Filter>소스 파일</Filter>
    </ClCompile>
    <ClCompile Include="BaekJoon 2457번 공주님의 정원.cpp">
      <Filter>소스 파일</Filter>
    </ClCompile>
    <ClCompile Include="BaekJoon 1744번 수 묶기.cpp">
      <Filter>소스 파일</Filter>
    </ClCompile>
    <ClCompile Include="BaekJoon 1339번 단어수학.cpp">
      <Filter>소스 파일</Filter>
    </ClCompile>
    <ClCompile Include="BaekJoon 16566번 카드 게임.cpp">
      <Filter>소스 파일</Filter>
    </ClCompile>
    <ClCompile Include="BaekJoon 3079번 입국 심사.cpp">
      <Filter>소스 파일</Filter>
    </ClCompile>
    <ClCompile Include="BaekJoon 6236번 용돈 관리.cpp">
      <Filter>소스 파일</Filter>
    </ClCompile>
    <ClCompile Include="BaekJoon 1253번 좋다.cpp">
      <Filter>소스 파일</Filter>
    </ClCompile>
    <ClCompile Include="BaekJoon 2102번 보석 줍기.cpp">
      <Filter>소스 파일</Filter>
    </ClCompile>
    <ClCompile Include="BaekJoon 10889번 Ancient symbol.cpp">
      <Filter>소스 파일</Filter>
    </ClCompile>
    <ClCompile Include="kpu 소수회문%28Palindrome%29.cpp">
      <Filter>소스 파일</Filter>
    </ClCompile>
    <ClCompile Include="kpu 당구 게임 리드(lead).cpp">
      <Filter>소스 파일</Filter>
    </ClCompile>
    <ClCompile Include="kpu 자율차 스케줄링.cpp">
      <Filter>소스 파일</Filter>
    </ClCompile>
    <ClCompile Include="kpu 학생임원 선거.cpp">
      <Filter>소스 파일</Filter>
    </ClCompile>
    <ClCompile Include="BaekJoon 11873번 최대 직사각형.cpp">
      <Filter>소스 파일</Filter>
    </ClCompile>
    <ClCompile Include="BaekJoon 17219번 비밀번호 찾기.cpp">
      <Filter>소스 파일</Filter>
    </ClCompile>
    <ClCompile Include="BaekJoon 2150번 Strongly Connected Component.cpp">
      <Filter>소스 파일</Filter>
    </ClCompile>
    <ClCompile Include="BaekJoon 1028번 다이아몬드 광산.cpp">
      <Filter>소스 파일</Filter>
    </ClCompile>
    <ClCompile Include="BaekJoon 1924번 2007년.cpp">
      <Filter>소스 파일</Filter>
    </ClCompile>
    <ClCompile Include="BaekJoon 9316번 Hello Judge.cpp">
      <Filter>소스 파일</Filter>
    </ClCompile>
    <ClCompile Include="BaekJoon 2150번 Strongly Connected Component - Kosaraju.cpp">
      <Filter>소스 파일</Filter>
    </ClCompile>
    <ClCompile Include="BaekJoon 4196번 도미노.cpp">
      <Filter>소스 파일</Filter>
    </ClCompile>
    <ClCompile Include="BaekJoon 2150번 Strongly Connected Component - Tarjan.cpp">
      <Filter>소스 파일</Filter>
    </ClCompile>
    <ClCompile Include="BaekJoon 11921번 0.1.cpp">
      <Filter>소스 파일</Filter>
    </ClCompile>
    <ClCompile Include="BaekJoon 1168번 요세푸스 문제 2.cpp">
      <Filter>소스 파일</Filter>
    </ClCompile>
    <ClCompile Include="2020 KAKAO BLIND RECRUITMENT 문자열 압축.cpp">
      <Filter>소스 파일</Filter>
    </ClCompile>
    <ClCompile Include="2020 KAKAO BLIND RECRUITMENT 괄호 변환.cpp">
      <Filter>소스 파일</Filter>
    </ClCompile>
    <ClCompile Include="2020 KAKAO BLIND RECRUITMENT 자물쇠와 열쇠.cpp">
      <Filter>소스 파일</Filter>
    </ClCompile>
    <ClCompile Include="2020 KAKAO BLIND RECRUITMENT 기둥과 보 설치.cpp">
      <Filter>소스 파일</Filter>
    </ClCompile>
    <ClCompile Include="BaekJoon 11571번 분수를 소수로.cpp">
      <Filter>소스 파일</Filter>
    </ClCompile>
    <ClCompile Include="2019 KAKAO BLIND RECRUITMENT 오픈 채팅방.cpp">
      <Filter>소스 파일</Filter>
    </ClCompile>
    <ClCompile Include="2019 KAKAO BLIND RECRUITMENT 실패율.cpp">
      <Filter>소스 파일</Filter>
    </ClCompile>
    <ClCompile Include="BaekJoon 14226번 이모티콘.cpp">
      <Filter>소스 파일</Filter>
    </ClCompile>
    <ClCompile Include="BaekJoon 17069번 파이프 옮기기 2.cpp">
      <Filter>소스 파일</Filter>
    </ClCompile>
    <ClCompile Include="BaekJoon 1695번 팰린드롬 만들기.cpp">
      <Filter>소스 파일</Filter>
    </ClCompile>
    <ClCompile Include="BaekJoon 2667번 단지번호붙이기 - 1.cpp">
      <Filter>소스 파일</Filter>
    </ClCompile>
    <ClCompile Include="BaekJoon 9942번 하노이의 네 탑.cpp">
      <Filter>소스 파일</Filter>
    </ClCompile>
    <ClCompile Include="BaekJoon 1749번 점수따먹기.cpp">
      <Filter>소스 파일</Filter>
    </ClCompile>
    <ClCompile Include="BaekJoon 14907번 프로젝트 스케줄링.cpp">
      <Filter>소스 파일</Filter>
    </ClCompile>
    <ClCompile Include="BaekJoon 10422번 괄호.cpp">
      <Filter>소스 파일</Filter>
    </ClCompile>
    <ClCompile Include="BaekJoon 16923번 다음 다양한 단어.cpp">
      <Filter>소스 파일</Filter>
    </ClCompile>
    <ClCompile Include="BaekJoon 16678번 모독.cpp">
      <Filter>소스 파일</Filter>
    </ClCompile>
    <ClCompile Include="BaekJoon 16932번 모양 만들기.cpp">
      <Filter>소스 파일</Filter>
    </ClCompile>
    <ClCompile Include="BaekJoon 15922번 아우으 우아으이야!!.cpp">
      <Filter>소스 파일</Filter>
    </ClCompile>
    <ClCompile Include="BaekJoon 11478번 서로 다른 부분 문자열의 개수.cpp">
      <Filter>소스 파일</Filter>
    </ClCompile>
    <ClCompile Include="BaekJoon 14425번 문자열 집합.cpp">
      <Filter>소스 파일</Filter>
    </ClCompile>
    <ClCompile Include="BaekJoon 2910번 빈도 정렬.cpp">
      <Filter>소스 파일</Filter>
    </ClCompile>
    <ClCompile Include="BaekJoon 2174번 로봇 시뮬레이션.cpp">
      <Filter>소스 파일</Filter>
    </ClCompile>
    <ClCompile Include="BaekJoon 1600번 말이 되고픈 원숭이.cpp">
      <Filter>소스 파일</Filter>
    </ClCompile>
  </ItemGroup>
</Project>